
Microsoft Visual Studio Solution File, Format Version 12.00
# Visual Studio Version 17
VisualStudioVersion = 17.0.31903.59
MinimumVisualStudioVersion = 10.0.40219.1
Project("{2150E333-8FDC-42A3-9474-1A3956D46DE8}") = "src", "src", "{431E21C0-3025-48D0-B114-4FD92447E6A7}"
EndProject
Project("{F2A71F9B-5D33-465A-A702-920D77279786}") = "AdventOfCode", "src\AdventOfCode\AdventOfCode.fsproj", "{6808CA8A-F7F6-426A-8D15-43637F1AE201}"
EndProject
Project("{F2A71F9B-5D33-465A-A702-920D77279786}") = "AdventOfCode.Day01", "src\AdventOfCode.Day01\AdventOfCode.Day01.fsproj", "{745DBF47-F058-42B7-9715-7BF8D7DEA727}"
EndProject
Project("{F2A71F9B-5D33-465A-A702-920D77279786}") = "AdventOfCode.Day02", "src\AdventOfCode.Day02\AdventOfCode.Day02.fsproj", "{050B1EEC-3524-4D28-9852-BDB64B3A4E68}"
EndProject
Project("{F2A71F9B-5D33-465A-A702-920D77279786}") = "AdventOfCode.Day03", "src\AdventOfCode.Day03\AdventOfCode.Day03.fsproj", "{3F58D57B-7F46-4C76-910E-AF0CE3D71D1B}"
EndProject
Project("{F2A71F9B-5D33-465A-A702-920D77279786}") = "AdventOfCode.Day04", "src\AdventOfCode.Day04\AdventOfCode.Day04.fsproj", "{665D3E9A-ECEB-4B6B-84CF-AF9CBE189084}"
EndProject
Project("{F2A71F9B-5D33-465A-A702-920D77279786}") = "AdventOfCode.Day05", "src\AdventOfCode.Day05\AdventOfCode.Day05.fsproj", "{65C8D30D-8066-4C68-843A-D0411BA778B5}"
EndProject
Project("{F2A71F9B-5D33-465A-A702-920D77279786}") = "AdventOfCode.Day06", "src\AdventOfCode.Day06\AdventOfCode.Day06.fsproj", "{95434697-E778-4CF1-B04E-70A05F9B5153}"
EndProject
Project("{F2A71F9B-5D33-465A-A702-920D77279786}") = "AdventOfCode.Day07", "src\AdventOfCode.Day07\AdventOfCode.Day07.fsproj", "{2905988E-DE72-45D0-82B4-C4D47C998657}"
EndProject
Project("{F2A71F9B-5D33-465A-A702-920D77279786}") = "AdventOfCode.Day08", "src\AdventOfCode.Day08\AdventOfCode.Day08.fsproj", "{5B5CED94-3D8D-47C0-8CFA-1FDCB38B11BF}"
EndProject
Project("{F2A71F9B-5D33-465A-A702-920D77279786}") = "AdventOfCode.Day09", "src\AdventOfCode.Day09\AdventOfCode.Day09.fsproj", "{F4B4A866-7A86-43D5-A410-1C61EB084738}"
EndProject
Project("{F2A71F9B-5D33-465A-A702-920D77279786}") = "AdventOfCode.Day10", "src\AdventOfCode.Day10\AdventOfCode.Day10.fsproj", "{2D80D9E2-1F7B-434F-BF54-80B3B49BD401}"
EndProject
Project("{F2A71F9B-5D33-465A-A702-920D77279786}") = "AdventOfCode.Day11", "src\AdventOfCode.Day11\AdventOfCode.Day11.fsproj", "{50C90132-01DB-4B25-B03A-719CF46B7B52}"
EndProject
Project("{F2A71F9B-5D33-465A-A702-920D77279786}") = "AdventOfCode.Day12", "src\AdventOfCode.Day12\AdventOfCode.Day12.fsproj", "{C308D19B-3928-446C-BA66-9A813DAC7CF6}"
EndProject
Project("{F2A71F9B-5D33-465A-A702-920D77279786}") = "AdventOfCode.Day13", "src\AdventOfCode.Day13\AdventOfCode.Day13.fsproj", "{1EC95FBD-299B-49B0-97A4-EB82C912B6E8}"
EndProject
Project("{F2A71F9B-5D33-465A-A702-920D77279786}") = "AdventOfCode.Day14", "src\AdventOfCode.Day14\AdventOfCode.Day14.fsproj", "{8DB2E6B4-40ED-40B4-9806-87DDBF3BE161}"
EndProject
Project("{F2A71F9B-5D33-465A-A702-920D77279786}") = "AdventOfCode.Day15", "src\AdventOfCode.Day15\AdventOfCode.Day15.fsproj", "{4352927A-464C-4AD4-B5D1-24FBC81EC2C6}"
EndProject
Project("{F2A71F9B-5D33-465A-A702-920D77279786}") = "AdventOfCode.Day16", "src\AdventOfCode.Day16\AdventOfCode.Day16.fsproj", "{AC2BC47A-D448-4CE9-AA4A-22B330121BC3}"
EndProject
Project("{F2A71F9B-5D33-465A-A702-920D77279786}") = "AdventOfCode.Day17", "src\AdventOfCode.Day17\AdventOfCode.Day17.fsproj", "{B63058F8-842A-466B-A928-F3C15DC4AE4D}"
EndProject
Project("{F2A71F9B-5D33-465A-A702-920D77279786}") = "AdventOfCode.Day18", "src\AdventOfCode.Day18\AdventOfCode.Day18.fsproj", "{CE84810D-3898-4697-8460-C94F97A1D6A3}"
EndProject
Project("{F2A71F9B-5D33-465A-A702-920D77279786}") = "AdventOfCode.Day19", "src\AdventOfCode.Day19\AdventOfCode.Day19.fsproj", "{E339CBA6-87E7-474F-A7DB-71527664CBF5}"
EndProject
Project("{F2A71F9B-5D33-465A-A702-920D77279786}") = "AdventOfCode.Day20", "src\AdventOfCode.Day20\AdventOfCode.Day20.fsproj", "{4F5586DC-64C1-4FCC-837D-AF04DFC660B6}"
EndProject
Project("{F2A71F9B-5D33-465A-A702-920D77279786}") = "AdventOfCode.Day21", "src\AdventOfCode.Day21\AdventOfCode.Day21.fsproj", "{FB56DF4D-0758-4611-8965-F9F1252095CE}"
EndProject
Project("{F2A71F9B-5D33-465A-A702-920D77279786}") = "AdventOfCode.Day22", "src\AdventOfCode.Day22\AdventOfCode.Day22.fsproj", "{BD045482-62A2-401C-8653-86783445510A}"
EndProject
Project("{F2A71F9B-5D33-465A-A702-920D77279786}") = "AdventOfCode.Day23", "src\AdventOfCode.Day23\AdventOfCode.Day23.fsproj", "{313C6E41-0EEE-4BD1-8F22-E2277C384FC6}"
EndProject
Project("{F2A71F9B-5D33-465A-A702-920D77279786}") = "AdventOfCode.Day24", "src\AdventOfCode.Day24\AdventOfCode.Day24.fsproj", "{51A9F027-5AA1-40DD-BC12-3674AC24832F}"
EndProject
Project("{F2A71F9B-5D33-465A-A702-920D77279786}") = "AdventOfCode.Day25", "src\AdventOfCode.Day25\AdventOfCode.Day25.fsproj", "{49558A18-F30A-4DFB-B4AA-355BB92A6009}"
EndProject
Project("{2150E333-8FDC-42A3-9474-1A3956D46DE8}") = "tests", "tests", "{4983324C-4051-49A9-B67E-5DC3A9C2A833}"
EndProject
Project("{F2A71F9B-5D33-465A-A702-920D77279786}") = "AdventOfCode.Day01", "tests\AdventOfCode.Day01\AdventOfCode.Day01.fsproj", "{FDB10B3C-2BC5-4E83-B8A8-5253C7CDB952}"
EndProject
Project("{F2A71F9B-5D33-465A-A702-920D77279786}") = "AdventOfCode.Day02", "tests\AdventOfCode.Day02\AdventOfCode.Day02.fsproj", "{6B09B3AF-AE7C-4C28-943D-63834C1B1DD9}"
EndProject
Project("{F2A71F9B-5D33-465A-A702-920D77279786}") = "AdventOfCode.Day03", "tests\AdventOfCode.Day03\AdventOfCode.Day03.fsproj", "{68789959-33BF-4217-B17F-90202FD0D19D}"
EndProject
Project("{F2A71F9B-5D33-465A-A702-920D77279786}") = "AdventOfCode.Day04", "tests\AdventOfCode.Day04\AdventOfCode.Day04.fsproj", "{44644279-5FD8-4274-A4E5-2B55D9AA9344}"
EndProject
Project("{F2A71F9B-5D33-465A-A702-920D77279786}") = "AdventOfCode.Day05", "tests\AdventOfCode.Day05\AdventOfCode.Day05.fsproj", "{3A35C4A6-92A5-4954-899A-F7AAA371C5B4}"
EndProject
Project("{F2A71F9B-5D33-465A-A702-920D77279786}") = "AdventOfCode.Day06", "tests\AdventOfCode.Day06\AdventOfCode.Day06.fsproj", "{F8956100-2B5C-4877-A217-1C6E669628B4}"
EndProject
Project("{F2A71F9B-5D33-465A-A702-920D77279786}") = "AdventOfCode.Day07", "tests\AdventOfCode.Day07\AdventOfCode.Day07.fsproj", "{999812EB-71EF-4870-B7BC-B8AAB82236AC}"
EndProject
Project("{F2A71F9B-5D33-465A-A702-920D77279786}") = "AdventOfCode.Day08", "tests\AdventOfCode.Day08\AdventOfCode.Day08.fsproj", "{59375BF2-CE32-4A1D-B586-7C5A8BC50F83}"
EndProject
Project("{F2A71F9B-5D33-465A-A702-920D77279786}") = "AdventOfCode.Day09", "tests\AdventOfCode.Day09\AdventOfCode.Day09.fsproj", "{00E8CFC4-F088-489B-8B48-774DE39CA8CE}"
EndProject
Project("{F2A71F9B-5D33-465A-A702-920D77279786}") = "AdventOfCode.Day10", "tests\AdventOfCode.Day10\AdventOfCode.Day10.fsproj", "{DFAF13FC-D79B-4FEE-B2F2-7375FC6A0B5E}"
EndProject
Project("{F2A71F9B-5D33-465A-A702-920D77279786}") = "AdventOfCode.Day11", "tests\AdventOfCode.Day11\AdventOfCode.Day11.fsproj", "{3D75E1E3-B51C-44B8-B6DC-E871BB80275F}"
EndProject
Project("{F2A71F9B-5D33-465A-A702-920D77279786}") = "AdventOfCode.Day12", "tests\AdventOfCode.Day12\AdventOfCode.Day12.fsproj", "{6553A19D-62C8-424F-9CB6-C8CA40A76BCC}"
EndProject
Project("{F2A71F9B-5D33-465A-A702-920D77279786}") = "AdventOfCode.Day13", "tests\AdventOfCode.Day13\AdventOfCode.Day13.fsproj", "{74887A13-851F-42BB-86CA-02E2AC1AD6E5}"
EndProject
Project("{F2A71F9B-5D33-465A-A702-920D77279786}") = "AdventOfCode.Day14", "tests\AdventOfCode.Day14\AdventOfCode.Day14.fsproj", "{9726D618-97E6-454A-9244-7358C327687A}"
EndProject
Project("{F2A71F9B-5D33-465A-A702-920D77279786}") = "AdventOfCode.Day15", "tests\AdventOfCode.Day15\AdventOfCode.Day15.fsproj", "{DBF27744-111F-4BD0-B00C-68F8D1D0B952}"
EndProject
Project("{F2A71F9B-5D33-465A-A702-920D77279786}") = "AdventOfCode.Day16", "tests\AdventOfCode.Day16\AdventOfCode.Day16.fsproj", "{F4595C56-09BB-4D3F-ADAE-B8064C8A360B}"
EndProject
Project("{F2A71F9B-5D33-465A-A702-920D77279786}") = "AdventOfCode.Day17", "tests\AdventOfCode.Day17\AdventOfCode.Day17.fsproj", "{E3F19ED7-C117-4374-936C-5B7E223B7EAB}"
EndProject
Project("{F2A71F9B-5D33-465A-A702-920D77279786}") = "AdventOfCode.Day18", "tests\AdventOfCode.Day18\AdventOfCode.Day18.fsproj", "{2088E510-2182-4788-A5ED-112205545A85}"
EndProject
Project("{F2A71F9B-5D33-465A-A702-920D77279786}") = "AdventOfCode.Day19", "tests\AdventOfCode.Day19\AdventOfCode.Day19.fsproj", "{CB07618E-1855-4B6B-B1C2-B9BE838B93F5}"
EndProject
Project("{F2A71F9B-5D33-465A-A702-920D77279786}") = "AdventOfCode.Day20", "tests\AdventOfCode.Day20\AdventOfCode.Day20.fsproj", "{A4DBF026-BD59-4DDD-90D8-53517EF5FE44}"
EndProject
Project("{F2A71F9B-5D33-465A-A702-920D77279786}") = "AdventOfCode.Day21", "tests\AdventOfCode.Day21\AdventOfCode.Day21.fsproj", "{6EC2968E-6699-4080-87DE-C6C281ED18C4}"
EndProject
Project("{F2A71F9B-5D33-465A-A702-920D77279786}") = "AdventOfCode.Day22", "tests\AdventOfCode.Day22\AdventOfCode.Day22.fsproj", "{6B793704-947D-4647-BF39-B64BE9CC9CAA}"
EndProject
Project("{F2A71F9B-5D33-465A-A702-920D77279786}") = "AdventOfCode.Day23", "tests\AdventOfCode.Day23\AdventOfCode.Day23.fsproj", "{1266F972-442E-425A-8488-7331096ECF77}"
EndProject
Project("{F2A71F9B-5D33-465A-A702-920D77279786}") = "AdventOfCode.Day24", "tests\AdventOfCode.Day24\AdventOfCode.Day24.fsproj", "{473E9E66-09A2-4E90-9A6D-7EA5128C11F1}"
EndProject
Project("{F2A71F9B-5D33-465A-A702-920D77279786}") = "AdventOfCode.Day25", "tests\AdventOfCode.Day25\AdventOfCode.Day25.fsproj", "{DF8FA278-EB73-4C93-A98C-CAC2D1992A5A}"
EndProject
Global
	GlobalSection(SolutionConfigurationPlatforms) = preSolution
		Debug|Any CPU = Debug|Any CPU
		Release|Any CPU = Release|Any CPU
	EndGlobalSection
	GlobalSection(SolutionProperties) = preSolution
		HideSolutionNode = FALSE
	EndGlobalSection
	GlobalSection(ProjectConfigurationPlatforms) = postSolution
		{6808CA8A-F7F6-426A-8D15-43637F1AE201}.Debug|Any CPU.ActiveCfg = Debug|Any CPU
		{6808CA8A-F7F6-426A-8D15-43637F1AE201}.Debug|Any CPU.Build.0 = Debug|Any CPU
		{6808CA8A-F7F6-426A-8D15-43637F1AE201}.Release|Any CPU.ActiveCfg = Release|Any CPU
		{6808CA8A-F7F6-426A-8D15-43637F1AE201}.Release|Any CPU.Build.0 = Release|Any CPU
		{745DBF47-F058-42B7-9715-7BF8D7DEA727}.Debug|Any CPU.ActiveCfg = Debug|Any CPU
		{745DBF47-F058-42B7-9715-7BF8D7DEA727}.Debug|Any CPU.Build.0 = Debug|Any CPU
		{745DBF47-F058-42B7-9715-7BF8D7DEA727}.Release|Any CPU.ActiveCfg = Release|Any CPU
		{745DBF47-F058-42B7-9715-7BF8D7DEA727}.Release|Any CPU.Build.0 = Release|Any CPU
		{050B1EEC-3524-4D28-9852-BDB64B3A4E68}.Debug|Any CPU.ActiveCfg = Debug|Any CPU
		{050B1EEC-3524-4D28-9852-BDB64B3A4E68}.Debug|Any CPU.Build.0 = Debug|Any CPU
		{050B1EEC-3524-4D28-9852-BDB64B3A4E68}.Release|Any CPU.ActiveCfg = Release|Any CPU
		{050B1EEC-3524-4D28-9852-BDB64B3A4E68}.Release|Any CPU.Build.0 = Release|Any CPU
		{3F58D57B-7F46-4C76-910E-AF0CE3D71D1B}.Debug|Any CPU.ActiveCfg = Debug|Any CPU
		{3F58D57B-7F46-4C76-910E-AF0CE3D71D1B}.Debug|Any CPU.Build.0 = Debug|Any CPU
		{3F58D57B-7F46-4C76-910E-AF0CE3D71D1B}.Release|Any CPU.ActiveCfg = Release|Any CPU
		{3F58D57B-7F46-4C76-910E-AF0CE3D71D1B}.Release|Any CPU.Build.0 = Release|Any CPU
		{665D3E9A-ECEB-4B6B-84CF-AF9CBE189084}.Debug|Any CPU.ActiveCfg = Debug|Any CPU
		{665D3E9A-ECEB-4B6B-84CF-AF9CBE189084}.Debug|Any CPU.Build.0 = Debug|Any CPU
		{665D3E9A-ECEB-4B6B-84CF-AF9CBE189084}.Release|Any CPU.ActiveCfg = Release|Any CPU
		{665D3E9A-ECEB-4B6B-84CF-AF9CBE189084}.Release|Any CPU.Build.0 = Release|Any CPU
		{65C8D30D-8066-4C68-843A-D0411BA778B5}.Debug|Any CPU.ActiveCfg = Debug|Any CPU
		{65C8D30D-8066-4C68-843A-D0411BA778B5}.Debug|Any CPU.Build.0 = Debug|Any CPU
		{65C8D30D-8066-4C68-843A-D0411BA778B5}.Release|Any CPU.ActiveCfg = Release|Any CPU
		{65C8D30D-8066-4C68-843A-D0411BA778B5}.Release|Any CPU.Build.0 = Release|Any CPU
		{95434697-E778-4CF1-B04E-70A05F9B5153}.Debug|Any CPU.ActiveCfg = Debug|Any CPU
		{95434697-E778-4CF1-B04E-70A05F9B5153}.Debug|Any CPU.Build.0 = Debug|Any CPU
		{95434697-E778-4CF1-B04E-70A05F9B5153}.Release|Any CPU.ActiveCfg = Release|Any CPU
		{95434697-E778-4CF1-B04E-70A05F9B5153}.Release|Any CPU.Build.0 = Release|Any CPU
		{2905988E-DE72-45D0-82B4-C4D47C998657}.Debug|Any CPU.ActiveCfg = Debug|Any CPU
		{2905988E-DE72-45D0-82B4-C4D47C998657}.Debug|Any CPU.Build.0 = Debug|Any CPU
		{2905988E-DE72-45D0-82B4-C4D47C998657}.Release|Any CPU.ActiveCfg = Release|Any CPU
		{2905988E-DE72-45D0-82B4-C4D47C998657}.Release|Any CPU.Build.0 = Release|Any CPU
		{5B5CED94-3D8D-47C0-8CFA-1FDCB38B11BF}.Debug|Any CPU.ActiveCfg = Debug|Any CPU
		{5B5CED94-3D8D-47C0-8CFA-1FDCB38B11BF}.Debug|Any CPU.Build.0 = Debug|Any CPU
		{5B5CED94-3D8D-47C0-8CFA-1FDCB38B11BF}.Release|Any CPU.ActiveCfg = Release|Any CPU
		{5B5CED94-3D8D-47C0-8CFA-1FDCB38B11BF}.Release|Any CPU.Build.0 = Release|Any CPU
		{F4B4A866-7A86-43D5-A410-1C61EB084738}.Debug|Any CPU.ActiveCfg = Debug|Any CPU
		{F4B4A866-7A86-43D5-A410-1C61EB084738}.Debug|Any CPU.Build.0 = Debug|Any CPU
		{F4B4A866-7A86-43D5-A410-1C61EB084738}.Release|Any CPU.ActiveCfg = Release|Any CPU
		{F4B4A866-7A86-43D5-A410-1C61EB084738}.Release|Any CPU.Build.0 = Release|Any CPU
		{2D80D9E2-1F7B-434F-BF54-80B3B49BD401}.Debug|Any CPU.ActiveCfg = Debug|Any CPU
		{2D80D9E2-1F7B-434F-BF54-80B3B49BD401}.Debug|Any CPU.Build.0 = Debug|Any CPU
		{2D80D9E2-1F7B-434F-BF54-80B3B49BD401}.Release|Any CPU.ActiveCfg = Release|Any CPU
		{2D80D9E2-1F7B-434F-BF54-80B3B49BD401}.Release|Any CPU.Build.0 = Release|Any CPU
		{50C90132-01DB-4B25-B03A-719CF46B7B52}.Debug|Any CPU.ActiveCfg = Debug|Any CPU
		{50C90132-01DB-4B25-B03A-719CF46B7B52}.Debug|Any CPU.Build.0 = Debug|Any CPU
		{50C90132-01DB-4B25-B03A-719CF46B7B52}.Release|Any CPU.ActiveCfg = Release|Any CPU
		{50C90132-01DB-4B25-B03A-719CF46B7B52}.Release|Any CPU.Build.0 = Release|Any CPU
		{C308D19B-3928-446C-BA66-9A813DAC7CF6}.Debug|Any CPU.ActiveCfg = Debug|Any CPU
		{C308D19B-3928-446C-BA66-9A813DAC7CF6}.Debug|Any CPU.Build.0 = Debug|Any CPU
		{C308D19B-3928-446C-BA66-9A813DAC7CF6}.Release|Any CPU.ActiveCfg = Release|Any CPU
		{C308D19B-3928-446C-BA66-9A813DAC7CF6}.Release|Any CPU.Build.0 = Release|Any CPU
		{1EC95FBD-299B-49B0-97A4-EB82C912B6E8}.Debug|Any CPU.ActiveCfg = Debug|Any CPU
		{1EC95FBD-299B-49B0-97A4-EB82C912B6E8}.Debug|Any CPU.Build.0 = Debug|Any CPU
		{1EC95FBD-299B-49B0-97A4-EB82C912B6E8}.Release|Any CPU.ActiveCfg = Release|Any CPU
		{1EC95FBD-299B-49B0-97A4-EB82C912B6E8}.Release|Any CPU.Build.0 = Release|Any CPU
		{8DB2E6B4-40ED-40B4-9806-87DDBF3BE161}.Debug|Any CPU.ActiveCfg = Debug|Any CPU
		{8DB2E6B4-40ED-40B4-9806-87DDBF3BE161}.Debug|Any CPU.Build.0 = Debug|Any CPU
		{8DB2E6B4-40ED-40B4-9806-87DDBF3BE161}.Release|Any CPU.ActiveCfg = Release|Any CPU
		{8DB2E6B4-40ED-40B4-9806-87DDBF3BE161}.Release|Any CPU.Build.0 = Release|Any CPU
		{4352927A-464C-4AD4-B5D1-24FBC81EC2C6}.Debug|Any CPU.ActiveCfg = Debug|Any CPU
		{4352927A-464C-4AD4-B5D1-24FBC81EC2C6}.Debug|Any CPU.Build.0 = Debug|Any CPU
		{4352927A-464C-4AD4-B5D1-24FBC81EC2C6}.Release|Any CPU.ActiveCfg = Release|Any CPU
		{4352927A-464C-4AD4-B5D1-24FBC81EC2C6}.Release|Any CPU.Build.0 = Release|Any CPU
		{AC2BC47A-D448-4CE9-AA4A-22B330121BC3}.Debug|Any CPU.ActiveCfg = Debug|Any CPU
		{AC2BC47A-D448-4CE9-AA4A-22B330121BC3}.Debug|Any CPU.Build.0 = Debug|Any CPU
		{AC2BC47A-D448-4CE9-AA4A-22B330121BC3}.Release|Any CPU.ActiveCfg = Release|Any CPU
		{AC2BC47A-D448-4CE9-AA4A-22B330121BC3}.Release|Any CPU.Build.0 = Release|Any CPU
		{B63058F8-842A-466B-A928-F3C15DC4AE4D}.Debug|Any CPU.ActiveCfg = Debug|Any CPU
		{B63058F8-842A-466B-A928-F3C15DC4AE4D}.Debug|Any CPU.Build.0 = Debug|Any CPU
		{B63058F8-842A-466B-A928-F3C15DC4AE4D}.Release|Any CPU.ActiveCfg = Release|Any CPU
		{B63058F8-842A-466B-A928-F3C15DC4AE4D}.Release|Any CPU.Build.0 = Release|Any CPU
		{CE84810D-3898-4697-8460-C94F97A1D6A3}.Debug|Any CPU.ActiveCfg = Debug|Any CPU
		{CE84810D-3898-4697-8460-C94F97A1D6A3}.Debug|Any CPU.Build.0 = Debug|Any CPU
		{CE84810D-3898-4697-8460-C94F97A1D6A3}.Release|Any CPU.ActiveCfg = Release|Any CPU
		{CE84810D-3898-4697-8460-C94F97A1D6A3}.Release|Any CPU.Build.0 = Release|Any CPU
		{E339CBA6-87E7-474F-A7DB-71527664CBF5}.Debug|Any CPU.ActiveCfg = Debug|Any CPU
		{E339CBA6-87E7-474F-A7DB-71527664CBF5}.Debug|Any CPU.Build.0 = Debug|Any CPU
		{E339CBA6-87E7-474F-A7DB-71527664CBF5}.Release|Any CPU.ActiveCfg = Release|Any CPU
		{E339CBA6-87E7-474F-A7DB-71527664CBF5}.Release|Any CPU.Build.0 = Release|Any CPU
		{4F5586DC-64C1-4FCC-837D-AF04DFC660B6}.Debug|Any CPU.ActiveCfg = Debug|Any CPU
		{4F5586DC-64C1-4FCC-837D-AF04DFC660B6}.Debug|Any CPU.Build.0 = Debug|Any CPU
		{4F5586DC-64C1-4FCC-837D-AF04DFC660B6}.Release|Any CPU.ActiveCfg = Release|Any CPU
		{4F5586DC-64C1-4FCC-837D-AF04DFC660B6}.Release|Any CPU.Build.0 = Release|Any CPU
		{FB56DF4D-0758-4611-8965-F9F1252095CE}.Debug|Any CPU.ActiveCfg = Debug|Any CPU
		{FB56DF4D-0758-4611-8965-F9F1252095CE}.Debug|Any CPU.Build.0 = Debug|Any CPU
		{FB56DF4D-0758-4611-8965-F9F1252095CE}.Release|Any CPU.ActiveCfg = Release|Any CPU
		{FB56DF4D-0758-4611-8965-F9F1252095CE}.Release|Any CPU.Build.0 = Release|Any CPU
		{BD045482-62A2-401C-8653-86783445510A}.Debug|Any CPU.ActiveCfg = Debug|Any CPU
		{BD045482-62A2-401C-8653-86783445510A}.Debug|Any CPU.Build.0 = Debug|Any CPU
		{BD045482-62A2-401C-8653-86783445510A}.Release|Any CPU.ActiveCfg = Release|Any CPU
		{BD045482-62A2-401C-8653-86783445510A}.Release|Any CPU.Build.0 = Release|Any CPU
		{313C6E41-0EEE-4BD1-8F22-E2277C384FC6}.Debug|Any CPU.ActiveCfg = Debug|Any CPU
		{313C6E41-0EEE-4BD1-8F22-E2277C384FC6}.Debug|Any CPU.Build.0 = Debug|Any CPU
		{313C6E41-0EEE-4BD1-8F22-E2277C384FC6}.Release|Any CPU.ActiveCfg = Release|Any CPU
		{313C6E41-0EEE-4BD1-8F22-E2277C384FC6}.Release|Any CPU.Build.0 = Release|Any CPU
		{51A9F027-5AA1-40DD-BC12-3674AC24832F}.Debug|Any CPU.ActiveCfg = Debug|Any CPU
		{51A9F027-5AA1-40DD-BC12-3674AC24832F}.Debug|Any CPU.Build.0 = Debug|Any CPU
		{51A9F027-5AA1-40DD-BC12-3674AC24832F}.Release|Any CPU.ActiveCfg = Release|Any CPU
		{51A9F027-5AA1-40DD-BC12-3674AC24832F}.Release|Any CPU.Build.0 = Release|Any CPU
		{49558A18-F30A-4DFB-B4AA-355BB92A6009}.Debug|Any CPU.ActiveCfg = Debug|Any CPU
		{49558A18-F30A-4DFB-B4AA-355BB92A6009}.Debug|Any CPU.Build.0 = Debug|Any CPU
		{49558A18-F30A-4DFB-B4AA-355BB92A6009}.Release|Any CPU.ActiveCfg = Release|Any CPU
		{49558A18-F30A-4DFB-B4AA-355BB92A6009}.Release|Any CPU.Build.0 = Release|Any CPU
		{FDB10B3C-2BC5-4E83-B8A8-5253C7CDB952}.Debug|Any CPU.ActiveCfg = Debug|Any CPU
		{FDB10B3C-2BC5-4E83-B8A8-5253C7CDB952}.Debug|Any CPU.Build.0 = Debug|Any CPU
		{FDB10B3C-2BC5-4E83-B8A8-5253C7CDB952}.Release|Any CPU.ActiveCfg = Release|Any CPU
		{FDB10B3C-2BC5-4E83-B8A8-5253C7CDB952}.Release|Any CPU.Build.0 = Release|Any CPU
		{6B09B3AF-AE7C-4C28-943D-63834C1B1DD9}.Debug|Any CPU.ActiveCfg = Debug|Any CPU
		{6B09B3AF-AE7C-4C28-943D-63834C1B1DD9}.Debug|Any CPU.Build.0 = Debug|Any CPU
		{6B09B3AF-AE7C-4C28-943D-63834C1B1DD9}.Release|Any CPU.ActiveCfg = Release|Any CPU
		{6B09B3AF-AE7C-4C28-943D-63834C1B1DD9}.Release|Any CPU.Build.0 = Release|Any CPU
		{68789959-33BF-4217-B17F-90202FD0D19D}.Debug|Any CPU.ActiveCfg = Debug|Any CPU
		{68789959-33BF-4217-B17F-90202FD0D19D}.Debug|Any CPU.Build.0 = Debug|Any CPU
		{68789959-33BF-4217-B17F-90202FD0D19D}.Release|Any CPU.ActiveCfg = Release|Any CPU
		{68789959-33BF-4217-B17F-90202FD0D19D}.Release|Any CPU.Build.0 = Release|Any CPU
		{44644279-5FD8-4274-A4E5-2B55D9AA9344}.Debug|Any CPU.ActiveCfg = Debug|Any CPU
		{44644279-5FD8-4274-A4E5-2B55D9AA9344}.Debug|Any CPU.Build.0 = Debug|Any CPU
		{44644279-5FD8-4274-A4E5-2B55D9AA9344}.Release|Any CPU.ActiveCfg = Release|Any CPU
		{44644279-5FD8-4274-A4E5-2B55D9AA9344}.Release|Any CPU.Build.0 = Release|Any CPU
		{3A35C4A6-92A5-4954-899A-F7AAA371C5B4}.Debug|Any CPU.ActiveCfg = Debug|Any CPU
		{3A35C4A6-92A5-4954-899A-F7AAA371C5B4}.Debug|Any CPU.Build.0 = Debug|Any CPU
		{3A35C4A6-92A5-4954-899A-F7AAA371C5B4}.Release|Any CPU.ActiveCfg = Release|Any CPU
		{3A35C4A6-92A5-4954-899A-F7AAA371C5B4}.Release|Any CPU.Build.0 = Release|Any CPU
		{F8956100-2B5C-4877-A217-1C6E669628B4}.Debug|Any CPU.ActiveCfg = Debug|Any CPU
		{F8956100-2B5C-4877-A217-1C6E669628B4}.Debug|Any CPU.Build.0 = Debug|Any CPU
		{F8956100-2B5C-4877-A217-1C6E669628B4}.Release|Any CPU.ActiveCfg = Release|Any CPU
		{F8956100-2B5C-4877-A217-1C6E669628B4}.Release|Any CPU.Build.0 = Release|Any CPU
		{999812EB-71EF-4870-B7BC-B8AAB82236AC}.Debug|Any CPU.ActiveCfg = Debug|Any CPU
		{999812EB-71EF-4870-B7BC-B8AAB82236AC}.Debug|Any CPU.Build.0 = Debug|Any CPU
		{999812EB-71EF-4870-B7BC-B8AAB82236AC}.Release|Any CPU.ActiveCfg = Release|Any CPU
		{999812EB-71EF-4870-B7BC-B8AAB82236AC}.Release|Any CPU.Build.0 = Release|Any CPU
		{59375BF2-CE32-4A1D-B586-7C5A8BC50F83}.Debug|Any CPU.ActiveCfg = Debug|Any CPU
		{59375BF2-CE32-4A1D-B586-7C5A8BC50F83}.Debug|Any CPU.Build.0 = Debug|Any CPU
		{59375BF2-CE32-4A1D-B586-7C5A8BC50F83}.Release|Any CPU.ActiveCfg = Release|Any CPU
		{59375BF2-CE32-4A1D-B586-7C5A8BC50F83}.Release|Any CPU.Build.0 = Release|Any CPU
		{00E8CFC4-F088-489B-8B48-774DE39CA8CE}.Debug|Any CPU.ActiveCfg = Debug|Any CPU
		{00E8CFC4-F088-489B-8B48-774DE39CA8CE}.Debug|Any CPU.Build.0 = Debug|Any CPU
		{00E8CFC4-F088-489B-8B48-774DE39CA8CE}.Release|Any CPU.ActiveCfg = Release|Any CPU
		{00E8CFC4-F088-489B-8B48-774DE39CA8CE}.Release|Any CPU.Build.0 = Release|Any CPU
		{DFAF13FC-D79B-4FEE-B2F2-7375FC6A0B5E}.Debug|Any CPU.ActiveCfg = Debug|Any CPU
		{DFAF13FC-D79B-4FEE-B2F2-7375FC6A0B5E}.Debug|Any CPU.Build.0 = Debug|Any CPU
		{DFAF13FC-D79B-4FEE-B2F2-7375FC6A0B5E}.Release|Any CPU.ActiveCfg = Release|Any CPU
		{DFAF13FC-D79B-4FEE-B2F2-7375FC6A0B5E}.Release|Any CPU.Build.0 = Release|Any CPU
		{3D75E1E3-B51C-44B8-B6DC-E871BB80275F}.Debug|Any CPU.ActiveCfg = Debug|Any CPU
		{3D75E1E3-B51C-44B8-B6DC-E871BB80275F}.Debug|Any CPU.Build.0 = Debug|Any CPU
		{3D75E1E3-B51C-44B8-B6DC-E871BB80275F}.Release|Any CPU.ActiveCfg = Release|Any CPU
		{3D75E1E3-B51C-44B8-B6DC-E871BB80275F}.Release|Any CPU.Build.0 = Release|Any CPU
		{6553A19D-62C8-424F-9CB6-C8CA40A76BCC}.Debug|Any CPU.ActiveCfg = Debug|Any CPU
		{6553A19D-62C8-424F-9CB6-C8CA40A76BCC}.Debug|Any CPU.Build.0 = Debug|Any CPU
		{6553A19D-62C8-424F-9CB6-C8CA40A76BCC}.Release|Any CPU.ActiveCfg = Release|Any CPU
		{6553A19D-62C8-424F-9CB6-C8CA40A76BCC}.Release|Any CPU.Build.0 = Release|Any CPU
		{74887A13-851F-42BB-86CA-02E2AC1AD6E5}.Debug|Any CPU.ActiveCfg = Debug|Any CPU
		{74887A13-851F-42BB-86CA-02E2AC1AD6E5}.Debug|Any CPU.Build.0 = Debug|Any CPU
		{74887A13-851F-42BB-86CA-02E2AC1AD6E5}.Release|Any CPU.ActiveCfg = Release|Any CPU
		{74887A13-851F-42BB-86CA-02E2AC1AD6E5}.Release|Any CPU.Build.0 = Release|Any CPU
		{9726D618-97E6-454A-9244-7358C327687A}.Debug|Any CPU.ActiveCfg = Debug|Any CPU
		{9726D618-97E6-454A-9244-7358C327687A}.Debug|Any CPU.Build.0 = Debug|Any CPU
		{9726D618-97E6-454A-9244-7358C327687A}.Release|Any CPU.ActiveCfg = Release|Any CPU
		{9726D618-97E6-454A-9244-7358C327687A}.Release|Any CPU.Build.0 = Release|Any CPU
		{DBF27744-111F-4BD0-B00C-68F8D1D0B952}.Debug|Any CPU.ActiveCfg = Debug|Any CPU
		{DBF27744-111F-4BD0-B00C-68F8D1D0B952}.Debug|Any CPU.Build.0 = Debug|Any CPU
		{DBF27744-111F-4BD0-B00C-68F8D1D0B952}.Release|Any CPU.ActiveCfg = Release|Any CPU
		{DBF27744-111F-4BD0-B00C-68F8D1D0B952}.Release|Any CPU.Build.0 = Release|Any CPU
		{F4595C56-09BB-4D3F-ADAE-B8064C8A360B}.Debug|Any CPU.ActiveCfg = Debug|Any CPU
		{F4595C56-09BB-4D3F-ADAE-B8064C8A360B}.Debug|Any CPU.Build.0 = Debug|Any CPU
		{F4595C56-09BB-4D3F-ADAE-B8064C8A360B}.Release|Any CPU.ActiveCfg = Release|Any CPU
		{F4595C56-09BB-4D3F-ADAE-B8064C8A360B}.Release|Any CPU.Build.0 = Release|Any CPU
		{E3F19ED7-C117-4374-936C-5B7E223B7EAB}.Debug|Any CPU.ActiveCfg = Debug|Any CPU
		{E3F19ED7-C117-4374-936C-5B7E223B7EAB}.Debug|Any CPU.Build.0 = Debug|Any CPU
		{E3F19ED7-C117-4374-936C-5B7E223B7EAB}.Release|Any CPU.ActiveCfg = Release|Any CPU
		{E3F19ED7-C117-4374-936C-5B7E223B7EAB}.Release|Any CPU.Build.0 = Release|Any CPU
		{2088E510-2182-4788-A5ED-112205545A85}.Debug|Any CPU.ActiveCfg = Debug|Any CPU
		{2088E510-2182-4788-A5ED-112205545A85}.Debug|Any CPU.Build.0 = Debug|Any CPU
		{2088E510-2182-4788-A5ED-112205545A85}.Release|Any CPU.ActiveCfg = Release|Any CPU
		{2088E510-2182-4788-A5ED-112205545A85}.Release|Any CPU.Build.0 = Release|Any CPU
		{CB07618E-1855-4B6B-B1C2-B9BE838B93F5}.Debug|Any CPU.ActiveCfg = Debug|Any CPU
		{CB07618E-1855-4B6B-B1C2-B9BE838B93F5}.Debug|Any CPU.Build.0 = Debug|Any CPU
		{CB07618E-1855-4B6B-B1C2-B9BE838B93F5}.Release|Any CPU.ActiveCfg = Release|Any CPU
		{CB07618E-1855-4B6B-B1C2-B9BE838B93F5}.Release|Any CPU.Build.0 = Release|Any CPU
		{A4DBF026-BD59-4DDD-90D8-53517EF5FE44}.Debug|Any CPU.ActiveCfg = Debug|Any CPU
		{A4DBF026-BD59-4DDD-90D8-53517EF5FE44}.Debug|Any CPU.Build.0 = Debug|Any CPU
		{A4DBF026-BD59-4DDD-90D8-53517EF5FE44}.Release|Any CPU.ActiveCfg = Release|Any CPU
		{A4DBF026-BD59-4DDD-90D8-53517EF5FE44}.Release|Any CPU.Build.0 = Release|Any CPU
		{6EC2968E-6699-4080-87DE-C6C281ED18C4}.Debug|Any CPU.ActiveCfg = Debug|Any CPU
		{6EC2968E-6699-4080-87DE-C6C281ED18C4}.Debug|Any CPU.Build.0 = Debug|Any CPU
		{6EC2968E-6699-4080-87DE-C6C281ED18C4}.Release|Any CPU.ActiveCfg = Release|Any CPU
		{6EC2968E-6699-4080-87DE-C6C281ED18C4}.Release|Any CPU.Build.0 = Release|Any CPU
		{6B793704-947D-4647-BF39-B64BE9CC9CAA}.Debug|Any CPU.ActiveCfg = Debug|Any CPU
		{6B793704-947D-4647-BF39-B64BE9CC9CAA}.Debug|Any CPU.Build.0 = Debug|Any CPU
		{6B793704-947D-4647-BF39-B64BE9CC9CAA}.Release|Any CPU.ActiveCfg = Release|Any CPU
		{6B793704-947D-4647-BF39-B64BE9CC9CAA}.Release|Any CPU.Build.0 = Release|Any CPU
		{1266F972-442E-425A-8488-7331096ECF77}.Debug|Any CPU.ActiveCfg = Debug|Any CPU
		{1266F972-442E-425A-8488-7331096ECF77}.Debug|Any CPU.Build.0 = Debug|Any CPU
		{1266F972-442E-425A-8488-7331096ECF77}.Release|Any CPU.ActiveCfg = Release|Any CPU
		{1266F972-442E-425A-8488-7331096ECF77}.Release|Any CPU.Build.0 = Release|Any CPU
		{473E9E66-09A2-4E90-9A6D-7EA5128C11F1}.Debug|Any CPU.ActiveCfg = Debug|Any CPU
		{473E9E66-09A2-4E90-9A6D-7EA5128C11F1}.Debug|Any CPU.Build.0 = Debug|Any CPU
		{473E9E66-09A2-4E90-9A6D-7EA5128C11F1}.Release|Any CPU.ActiveCfg = Release|Any CPU
		{473E9E66-09A2-4E90-9A6D-7EA5128C11F1}.Release|Any CPU.Build.0 = Release|Any CPU
		{DF8FA278-EB73-4C93-A98C-CAC2D1992A5A}.Debug|Any CPU.ActiveCfg = Debug|Any CPU
		{DF8FA278-EB73-4C93-A98C-CAC2D1992A5A}.Debug|Any CPU.Build.0 = Debug|Any CPU
		{DF8FA278-EB73-4C93-A98C-CAC2D1992A5A}.Release|Any CPU.ActiveCfg = Release|Any CPU
		{DF8FA278-EB73-4C93-A98C-CAC2D1992A5A}.Release|Any CPU.Build.0 = Release|Any CPU
	EndGlobalSection
	GlobalSection(NestedProjects) = preSolution
		{6808CA8A-F7F6-426A-8D15-43637F1AE201} = {431E21C0-3025-48D0-B114-4FD92447E6A7}
		{745DBF47-F058-42B7-9715-7BF8D7DEA727} = {431E21C0-3025-48D0-B114-4FD92447E6A7}
		{050B1EEC-3524-4D28-9852-BDB64B3A4E68} = {431E21C0-3025-48D0-B114-4FD92447E6A7}
		{3F58D57B-7F46-4C76-910E-AF0CE3D71D1B} = {431E21C0-3025-48D0-B114-4FD92447E6A7}
		{665D3E9A-ECEB-4B6B-84CF-AF9CBE189084} = {431E21C0-3025-48D0-B114-4FD92447E6A7}
		{65C8D30D-8066-4C68-843A-D0411BA778B5} = {431E21C0-3025-48D0-B114-4FD92447E6A7}
		{95434697-E778-4CF1-B04E-70A05F9B5153} = {431E21C0-3025-48D0-B114-4FD92447E6A7}
		{2905988E-DE72-45D0-82B4-C4D47C998657} = {431E21C0-3025-48D0-B114-4FD92447E6A7}
		{5B5CED94-3D8D-47C0-8CFA-1FDCB38B11BF} = {431E21C0-3025-48D0-B114-4FD92447E6A7}
		{F4B4A866-7A86-43D5-A410-1C61EB084738} = {431E21C0-3025-48D0-B114-4FD92447E6A7}
		{2D80D9E2-1F7B-434F-BF54-80B3B49BD401} = {431E21C0-3025-48D0-B114-4FD92447E6A7}
		{50C90132-01DB-4B25-B03A-719CF46B7B52} = {431E21C0-3025-48D0-B114-4FD92447E6A7}
		{C308D19B-3928-446C-BA66-9A813DAC7CF6} = {431E21C0-3025-48D0-B114-4FD92447E6A7}
		{1EC95FBD-299B-49B0-97A4-EB82C912B6E8} = {431E21C0-3025-48D0-B114-4FD92447E6A7}
		{8DB2E6B4-40ED-40B4-9806-87DDBF3BE161} = {431E21C0-3025-48D0-B114-4FD92447E6A7}
		{4352927A-464C-4AD4-B5D1-24FBC81EC2C6} = {431E21C0-3025-48D0-B114-4FD92447E6A7}
		{AC2BC47A-D448-4CE9-AA4A-22B330121BC3} = {431E21C0-3025-48D0-B114-4FD92447E6A7}
		{B63058F8-842A-466B-A928-F3C15DC4AE4D} = {431E21C0-3025-48D0-B114-4FD92447E6A7}
		{CE84810D-3898-4697-8460-C94F97A1D6A3} = {431E21C0-3025-48D0-B114-4FD92447E6A7}
		{E339CBA6-87E7-474F-A7DB-71527664CBF5} = {431E21C0-3025-48D0-B114-4FD92447E6A7}
		{4F5586DC-64C1-4FCC-837D-AF04DFC660B6} = {431E21C0-3025-48D0-B114-4FD92447E6A7}
		{FB56DF4D-0758-4611-8965-F9F1252095CE} = {431E21C0-3025-48D0-B114-4FD92447E6A7}
		{BD045482-62A2-401C-8653-86783445510A} = {431E21C0-3025-48D0-B114-4FD92447E6A7}
		{313C6E41-0EEE-4BD1-8F22-E2277C384FC6} = {431E21C0-3025-48D0-B114-4FD92447E6A7}
		{51A9F027-5AA1-40DD-BC12-3674AC24832F} = {431E21C0-3025-48D0-B114-4FD92447E6A7}
		{49558A18-F30A-4DFB-B4AA-355BB92A6009} = {431E21C0-3025-48D0-B114-4FD92447E6A7}
		{FDB10B3C-2BC5-4E83-B8A8-5253C7CDB952} = {4983324C-4051-49A9-B67E-5DC3A9C2A833}
		{6B09B3AF-AE7C-4C28-943D-63834C1B1DD9} = {4983324C-4051-49A9-B67E-5DC3A9C2A833}
		{68789959-33BF-4217-B17F-90202FD0D19D} = {4983324C-4051-49A9-B67E-5DC3A9C2A833}
		{44644279-5FD8-4274-A4E5-2B55D9AA9344} = {4983324C-4051-49A9-B67E-5DC3A9C2A833}
		{3A35C4A6-92A5-4954-899A-F7AAA371C5B4} = {4983324C-4051-49A9-B67E-5DC3A9C2A833}
		{F8956100-2B5C-4877-A217-1C6E669628B4} = {4983324C-4051-49A9-B67E-5DC3A9C2A833}
		{999812EB-71EF-4870-B7BC-B8AAB82236AC} = {4983324C-4051-49A9-B67E-5DC3A9C2A833}
		{59375BF2-CE32-4A1D-B586-7C5A8BC50F83} = {4983324C-4051-49A9-B67E-5DC3A9C2A833}
		{00E8CFC4-F088-489B-8B48-774DE39CA8CE} = {4983324C-4051-49A9-B67E-5DC3A9C2A833}
		{DFAF13FC-D79B-4FEE-B2F2-7375FC6A0B5E} = {4983324C-4051-49A9-B67E-5DC3A9C2A833}
		{3D75E1E3-B51C-44B8-B6DC-E871BB80275F} = {4983324C-4051-49A9-B67E-5DC3A9C2A833}
		{6553A19D-62C8-424F-9CB6-C8CA40A76BCC} = {4983324C-4051-49A9-B67E-5DC3A9C2A833}
		{74887A13-851F-42BB-86CA-02E2AC1AD6E5} = {4983324C-4051-49A9-B67E-5DC3A9C2A833}
		{9726D618-97E6-454A-9244-7358C327687A} = {4983324C-4051-49A9-B67E-5DC3A9C2A833}
		{DBF27744-111F-4BD0-B00C-68F8D1D0B952} = {4983324C-4051-49A9-B67E-5DC3A9C2A833}
		{F4595C56-09BB-4D3F-ADAE-B8064C8A360B} = {4983324C-4051-49A9-B67E-5DC3A9C2A833}
		{E3F19ED7-C117-4374-936C-5B7E223B7EAB} = {4983324C-4051-49A9-B67E-5DC3A9C2A833}
		{2088E510-2182-4788-A5ED-112205545A85} = {4983324C-4051-49A9-B67E-5DC3A9C2A833}
		{CB07618E-1855-4B6B-B1C2-B9BE838B93F5} = {4983324C-4051-49A9-B67E-5DC3A9C2A833}
		{A4DBF026-BD59-4DDD-90D8-53517EF5FE44} = {4983324C-4051-49A9-B67E-5DC3A9C2A833}
		{6EC2968E-6699-4080-87DE-C6C281ED18C4} = {4983324C-4051-49A9-B67E-5DC3A9C2A833}
		{6B793704-947D-4647-BF39-B64BE9CC9CAA} = {4983324C-4051-49A9-B67E-5DC3A9C2A833}
		{1266F972-442E-425A-8488-7331096ECF77} = {4983324C-4051-49A9-B67E-5DC3A9C2A833}
		{473E9E66-09A2-4E90-9A6D-7EA5128C11F1} = {4983324C-4051-49A9-B67E-5DC3A9C2A833}
		{DF8FA278-EB73-4C93-A98C-CAC2D1992A5A} = {4983324C-4051-49A9-B67E-5DC3A9C2A833}
	EndGlobalSection
EndGlobal
