
Microsoft Visual Studio Solution File, Format Version 12.00
# Visual Studio Version 17
VisualStudioVersion = 17.0.31903.59
MinimumVisualStudioVersion = 10.0.40219.1
Project("{2150E333-8FDC-42A3-9474-1A3956D46DE8}") = "src", "src", "{C2EAE1C5-1407-46D1-A1D3-C3DC9EC69FAE}"
EndProject
Project("{FAE04EC0-301F-11D3-BF4B-00C04F79EFBC}") = "AdventOfCodeCSharp", "src\AdventOfCodeCSharp\AdventOfCodeCSharp.csproj", "{7254C0D9-E4AF-4D2F-918B-534726835D78}"
EndProject
Project("{F2A71F9B-5D33-465A-A702-920D77279786}") = "AdventOfCodeFSharp", "src\AdventOfCodeFSharp\AdventOfCodeFSharp.fsproj", "{89F59A14-B4CB-4C33-8C41-242CF6D5F8AB}"
EndProject
Project("{2150E333-8FDC-42A3-9474-1A3956D46DE8}") = "tests", "tests", "{A431709D-5233-4311-A36D-65ACCEFB3421}"
EndProject
Project("{F2A71F9B-5D33-465A-A702-920D77279786}") = "AdventOfCodeCSharp.Tests", "tests\AdventOfCodeCSharp.Tests\AdventOfCodeCSharp.Tests.fsproj", "{B6E952CB-DB63-4227-BD5E-3860E2569937}"
EndProject
Project("{F2A71F9B-5D33-465A-A702-920D77279786}") = "AdventOfCodeFSharp.Tests", "tests\AdventOfCodeFSharp.Tests\AdventOfCodeFSharp.Tests.fsproj", "{742D33B8-F674-4AA7-9285-E41D2C6F3DDA}"
EndProject
Global
	GlobalSection(SolutionConfigurationPlatforms) = preSolution
		Debug|Any CPU = Debug|Any CPU
		Release|Any CPU = Release|Any CPU
	EndGlobalSection
	GlobalSection(SolutionProperties) = preSolution
		HideSolutionNode = FALSE
	EndGlobalSection
	GlobalSection(ProjectConfigurationPlatforms) = postSolution
		{7254C0D9-E4AF-4D2F-918B-534726835D78}.Debug|Any CPU.ActiveCfg = Debug|Any CPU
		{7254C0D9-E4AF-4D2F-918B-534726835D78}.Debug|Any CPU.Build.0 = Debug|Any CPU
		{7254C0D9-E4AF-4D2F-918B-534726835D78}.Release|Any CPU.ActiveCfg = Release|Any CPU
		{7254C0D9-E4AF-4D2F-918B-534726835D78}.Release|Any CPU.Build.0 = Release|Any CPU
		{89F59A14-B4CB-4C33-8C41-242CF6D5F8AB}.Debug|Any CPU.ActiveCfg = Debug|Any CPU
		{89F59A14-B4CB-4C33-8C41-242CF6D5F8AB}.Debug|Any CPU.Build.0 = Debug|Any CPU
		{89F59A14-B4CB-4C33-8C41-242CF6D5F8AB}.Release|Any CPU.ActiveCfg = Release|Any CPU
		{89F59A14-B4CB-4C33-8C41-242CF6D5F8AB}.Release|Any CPU.Build.0 = Release|Any CPU
		{B6E952CB-DB63-4227-BD5E-3860E2569937}.Debug|Any CPU.ActiveCfg = Debug|Any CPU
		{B6E952CB-DB63-4227-BD5E-3860E2569937}.Debug|Any CPU.Build.0 = Debug|Any CPU
		{B6E952CB-DB63-4227-BD5E-3860E2569937}.Release|Any CPU.ActiveCfg = Release|Any CPU
		{B6E952CB-DB63-4227-BD5E-3860E2569937}.Release|Any CPU.Build.0 = Release|Any CPU
		{742D33B8-F674-4AA7-9285-E41D2C6F3DDA}.Debug|Any CPU.ActiveCfg = Debug|Any CPU
		{742D33B8-F674-4AA7-9285-E41D2C6F3DDA}.Debug|Any CPU.Build.0 = Debug|Any CPU
		{742D33B8-F674-4AA7-9285-E41D2C6F3DDA}.Release|Any CPU.ActiveCfg = Release|Any CPU
		{742D33B8-F674-4AA7-9285-E41D2C6F3DDA}.Release|Any CPU.Build.0 = Release|Any CPU
	EndGlobalSection
	GlobalSection(NestedProjects) = preSolution
		{7254C0D9-E4AF-4D2F-918B-534726835D78} = {C2EAE1C5-1407-46D1-A1D3-C3DC9EC69FAE}
		{89F59A14-B4CB-4C33-8C41-242CF6D5F8AB} = {C2EAE1C5-1407-46D1-A1D3-C3DC9EC69FAE}
		{B6E952CB-DB63-4227-BD5E-3860E2569937} = {A431709D-5233-4311-A36D-65ACCEFB3421}
		{742D33B8-F674-4AA7-9285-E41D2C6F3DDA} = {A431709D-5233-4311-A36D-65ACCEFB3421}
	EndGlobalSection
EndGlobal
