
Microsoft Visual Studio Solution File, Format Version 12.00
# Visual Studio Version 17
VisualStudioVersion = 17.0.31903.59
MinimumVisualStudioVersion = 10.0.40219.1
Project("{2150E333-8FDC-42A3-9474-1A3956D46DE8}") = "src", "src", "{F4263307-228F-4F79-ADE5-39D8257B7869}"
EndProject
Project("{FAE04EC0-301F-11D3-BF4B-00C04F79EFBC}") = "AdventOfCode", "src\AdventOfCode\AdventOfCode.csproj", "{39A04322-1A11-4A63-8CCE-F33947E24D19}"
EndProject
Project("{2150E333-8FDC-42A3-9474-1A3956D46DE8}") = "tests", "tests", "{5B2B9423-F976-47CC-A214-6DC741875CAA}"
EndProject
Project("{FAE04EC0-301F-11D3-BF4B-00C04F79EFBC}") = "AdventOfCode.Tests", "tests\AdventOfCode.Tests\AdventOfCode.Tests.csproj", "{FEB9D08E-C9F5-459F-A225-1DA9C01B96D0}"
EndProject
Global
	GlobalSection(SolutionConfigurationPlatforms) = preSolution
		Debug|Any CPU = Debug|Any CPU
		Release|Any CPU = Release|Any CPU
	EndGlobalSection
	GlobalSection(SolutionProperties) = preSolution
		HideSolutionNode = FALSE
	EndGlobalSection
	GlobalSection(ProjectConfigurationPlatforms) = postSolution
		{39A04322-1A11-4A63-8CCE-F33947E24D19}.Debug|Any CPU.ActiveCfg = Debug|Any CPU
		{39A04322-1A11-4A63-8CCE-F33947E24D19}.Debug|Any CPU.Build.0 = Debug|Any CPU
		{39A04322-1A11-4A63-8CCE-F33947E24D19}.Release|Any CPU.ActiveCfg = Release|Any CPU
		{39A04322-1A11-4A63-8CCE-F33947E24D19}.Release|Any CPU.Build.0 = Release|Any CPU
		{FEB9D08E-C9F5-459F-A225-1DA9C01B96D0}.Debug|Any CPU.ActiveCfg = Debug|Any CPU
		{FEB9D08E-C9F5-459F-A225-1DA9C01B96D0}.Debug|Any CPU.Build.0 = Debug|Any CPU
		{FEB9D08E-C9F5-459F-A225-1DA9C01B96D0}.Release|Any CPU.ActiveCfg = Release|Any CPU
		{FEB9D08E-C9F5-459F-A225-1DA9C01B96D0}.Release|Any CPU.Build.0 = Release|Any CPU
	EndGlobalSection
	GlobalSection(NestedProjects) = preSolution
		{39A04322-1A11-4A63-8CCE-F33947E24D19} = {F4263307-228F-4F79-ADE5-39D8257B7869}
		{FEB9D08E-C9F5-459F-A225-1DA9C01B96D0} = {5B2B9423-F976-47CC-A214-6DC741875CAA}
	EndGlobalSection
EndGlobal
